
Microsoft Visual Studio Solution File, Format Version 12.00
# Visual Studio Version 16
VisualStudioVersion = 16.0.28729.10
MinimumVisualStudioVersion = 10.0.40219.1
Project("{2150E333-8FDC-42A3-9474-1A3956D46DE8}") = "Common", "Common", "{51AE47B7-46F0-45C6-A363-B63C90BBFF56}"
EndProject
Project("{FAE04EC0-301F-11D3-BF4B-00C04F79EFBC}") = "Rokhsare.Cache", "Common\Rokhsare.Cache\Rokhsare.Cache.csproj", "{DDF4B731-DC41-4ADB-98E8-4517A11CD04F}"
EndProject
Project("{FAE04EC0-301F-11D3-BF4B-00C04F79EFBC}") = "Rokhsare.Common.Model", "Common\Rokhsare.Common.Model\Rokhsare.Common.Model.csproj", "{1C2E0743-C92F-4255-BE05-D4EF1316A9BE}"
EndProject
Project("{FAE04EC0-301F-11D3-BF4B-00C04F79EFBC}") = "Rokhsare.Enumeration", "Common\Rokhsare.Enumeration\Rokhsare.Enumeration.csproj", "{D5D751B0-0ED2-42CC-9C08-E044DDDD2AD0}"
EndProject
Project("{FAE04EC0-301F-11D3-BF4B-00C04F79EFBC}") = "Rokhsare.Data", "Common\Rokhsare.Data\Rokhsare.Data.csproj", "{ACDF5D5A-98B0-4CEE-8ED9-DCDAD7C4B8DC}"
EndProject
Project("{FAE04EC0-301F-11D3-BF4B-00C04F79EFBC}") = "Rokhsare.Utility", "Common\Rokhsare.Utility\Rokhsare.Utility.csproj", "{2B4A6A34-81BC-49B7-8D3E-CEBA369CF54D}"
EndProject
Project("{2150E333-8FDC-42A3-9474-1A3956D46DE8}") = "Data", "Data", "{786FBB0F-E680-46DD-BB55-E2C87676E4B8}"
EndProject
Project("{FAE04EC0-301F-11D3-BF4B-00C04F79EFBC}") = "Rokhsare.Base.Data", "Data\Rokhsare.Base.Data\Rokhsare.Base.Data.csproj", "{7DCACE71-DCE7-413A-9D4D-3D389DC7F4FA}"
EndProject
Project("{2150E333-8FDC-42A3-9474-1A3956D46DE8}") = "SysAdmin", "SysAdmin", "{A4985077-C3F0-4843-9D97-06418BDFBEE7}"
EndProject
Project("{FAE04EC0-301F-11D3-BF4B-00C04F79EFBC}") = "Rokhsare.ConfigReader", "SysAdmin\Rokhsare.ConfigReader\Rokhsare.ConfigReader.csproj", "{C6CFDEAF-E63F-4E83-ACA4-2D61DA2F3865}"
EndProject
Project("{FAE04EC0-301F-11D3-BF4B-00C04F79EFBC}") = "Rokhsare.Control.Base", "SysAdmin\Rokhsare.Control.Base\Rokhsare.Control.Base.csproj", "{146B2D08-675F-48A1-822C-B784CB346309}"
EndProject
Project("{2150E333-8FDC-42A3-9474-1A3956D46DE8}") = "Service", "Service", "{52E403BC-F031-4C96-914D-DAA5D0662432}"
EndProject
Project("{FAE04EC0-301F-11D3-BF4B-00C04F79EFBC}") = "Rokhsare.Service", "Service\Rokhsare.Service\Rokhsare.Service.csproj", "{E131BA7F-9C22-44B6-AD04-1810FAAC3B1D}"
EndProject
Project("{2150E333-8FDC-42A3-9474-1A3956D46DE8}") = "UI", "UI", "{833A4247-13F3-405B-AF99-0637C490939F}"
EndProject
Project("{FAE04EC0-301F-11D3-BF4B-00C04F79EFBC}") = "Rokhsare.UI", "UI\Rokhsare.UI\Rokhsare.UI.csproj", "{9498615B-D812-4D36-A3AF-A3914B4EB8D7}"
EndProject
Global
	GlobalSection(SolutionConfigurationPlatforms) = preSolution
		Debug|Any CPU = Debug|Any CPU
		Release|Any CPU = Release|Any CPU
	EndGlobalSection
	GlobalSection(ProjectConfigurationPlatforms) = postSolution
		{DDF4B731-DC41-4ADB-98E8-4517A11CD04F}.Debug|Any CPU.ActiveCfg = Debug|Any CPU
		{DDF4B731-DC41-4ADB-98E8-4517A11CD04F}.Debug|Any CPU.Build.0 = Debug|Any CPU
		{DDF4B731-DC41-4ADB-98E8-4517A11CD04F}.Release|Any CPU.ActiveCfg = Release|Any CPU
		{DDF4B731-DC41-4ADB-98E8-4517A11CD04F}.Release|Any CPU.Build.0 = Release|Any CPU
		{1C2E0743-C92F-4255-BE05-D4EF1316A9BE}.Debug|Any CPU.ActiveCfg = Debug|Any CPU
		{1C2E0743-C92F-4255-BE05-D4EF1316A9BE}.Debug|Any CPU.Build.0 = Debug|Any CPU
		{1C2E0743-C92F-4255-BE05-D4EF1316A9BE}.Release|Any CPU.ActiveCfg = Release|Any CPU
		{1C2E0743-C92F-4255-BE05-D4EF1316A9BE}.Release|Any CPU.Build.0 = Release|Any CPU
		{D5D751B0-0ED2-42CC-9C08-E044DDDD2AD0}.Debug|Any CPU.ActiveCfg = Debug|Any CPU
		{D5D751B0-0ED2-42CC-9C08-E044DDDD2AD0}.Debug|Any CPU.Build.0 = Debug|Any CPU
		{D5D751B0-0ED2-42CC-9C08-E044DDDD2AD0}.Release|Any CPU.ActiveCfg = Release|Any CPU
		{D5D751B0-0ED2-42CC-9C08-E044DDDD2AD0}.Release|Any CPU.Build.0 = Release|Any CPU
		{ACDF5D5A-98B0-4CEE-8ED9-DCDAD7C4B8DC}.Debug|Any CPU.ActiveCfg = Debug|Any CPU
		{ACDF5D5A-98B0-4CEE-8ED9-DCDAD7C4B8DC}.Debug|Any CPU.Build.0 = Debug|Any CPU
		{ACDF5D5A-98B0-4CEE-8ED9-DCDAD7C4B8DC}.Release|Any CPU.ActiveCfg = Release|Any CPU
		{ACDF5D5A-98B0-4CEE-8ED9-DCDAD7C4B8DC}.Release|Any CPU.Build.0 = Release|Any CPU
		{2B4A6A34-81BC-49B7-8D3E-CEBA369CF54D}.Debug|Any CPU.ActiveCfg = Debug|Any CPU
		{2B4A6A34-81BC-49B7-8D3E-CEBA369CF54D}.Debug|Any CPU.Build.0 = Debug|Any CPU
		{2B4A6A34-81BC-49B7-8D3E-CEBA369CF54D}.Release|Any CPU.ActiveCfg = Release|Any CPU
		{2B4A6A34-81BC-49B7-8D3E-CEBA369CF54D}.Release|Any CPU.Build.0 = Release|Any CPU
		{7DCACE71-DCE7-413A-9D4D-3D389DC7F4FA}.Debug|Any CPU.ActiveCfg = Debug|Any CPU
		{7DCACE71-DCE7-413A-9D4D-3D389DC7F4FA}.Debug|Any CPU.Build.0 = Debug|Any CPU
		{7DCACE71-DCE7-413A-9D4D-3D389DC7F4FA}.Release|Any CPU.ActiveCfg = Release|Any CPU
		{7DCACE71-DCE7-413A-9D4D-3D389DC7F4FA}.Release|Any CPU.Build.0 = Release|Any CPU
		{C6CFDEAF-E63F-4E83-ACA4-2D61DA2F3865}.Debug|Any CPU.ActiveCfg = Debug|Any CPU
		{C6CFDEAF-E63F-4E83-ACA4-2D61DA2F3865}.Debug|Any CPU.Build.0 = Debug|Any CPU
		{C6CFDEAF-E63F-4E83-ACA4-2D61DA2F3865}.Release|Any CPU.ActiveCfg = Release|Any CPU
		{C6CFDEAF-E63F-4E83-ACA4-2D61DA2F3865}.Release|Any CPU.Build.0 = Release|Any CPU
		{146B2D08-675F-48A1-822C-B784CB346309}.Debug|Any CPU.ActiveCfg = Debug|Any CPU
		{146B2D08-675F-48A1-822C-B784CB346309}.Debug|Any CPU.Build.0 = Debug|Any CPU
		{146B2D08-675F-48A1-822C-B784CB346309}.Release|Any CPU.ActiveCfg = Release|Any CPU
		{146B2D08-675F-48A1-822C-B784CB346309}.Release|Any CPU.Build.0 = Release|Any CPU
		{E131BA7F-9C22-44B6-AD04-1810FAAC3B1D}.Debug|Any CPU.ActiveCfg = Debug|Any CPU
		{E131BA7F-9C22-44B6-AD04-1810FAAC3B1D}.Debug|Any CPU.Build.0 = Debug|Any CPU
		{E131BA7F-9C22-44B6-AD04-1810FAAC3B1D}.Release|Any CPU.ActiveCfg = Release|Any CPU
		{E131BA7F-9C22-44B6-AD04-1810FAAC3B1D}.Release|Any CPU.Build.0 = Release|Any CPU
		{9498615B-D812-4D36-A3AF-A3914B4EB8D7}.Debug|Any CPU.ActiveCfg = Debug|Any CPU
		{9498615B-D812-4D36-A3AF-A3914B4EB8D7}.Debug|Any CPU.Build.0 = Debug|Any CPU
		{9498615B-D812-4D36-A3AF-A3914B4EB8D7}.Release|Any CPU.ActiveCfg = Release|Any CPU
		{9498615B-D812-4D36-A3AF-A3914B4EB8D7}.Release|Any CPU.Build.0 = Release|Any CPU
	EndGlobalSection
	GlobalSection(SolutionProperties) = preSolution
		HideSolutionNode = FALSE
	EndGlobalSection
	GlobalSection(NestedProjects) = preSolution
		{DDF4B731-DC41-4ADB-98E8-4517A11CD04F} = {51AE47B7-46F0-45C6-A363-B63C90BBFF56}
		{1C2E0743-C92F-4255-BE05-D4EF1316A9BE} = {51AE47B7-46F0-45C6-A363-B63C90BBFF56}
		{D5D751B0-0ED2-42CC-9C08-E044DDDD2AD0} = {51AE47B7-46F0-45C6-A363-B63C90BBFF56}
		{ACDF5D5A-98B0-4CEE-8ED9-DCDAD7C4B8DC} = {51AE47B7-46F0-45C6-A363-B63C90BBFF56}
		{2B4A6A34-81BC-49B7-8D3E-CEBA369CF54D} = {51AE47B7-46F0-45C6-A363-B63C90BBFF56}
		{7DCACE71-DCE7-413A-9D4D-3D389DC7F4FA} = {786FBB0F-E680-46DD-BB55-E2C87676E4B8}
		{C6CFDEAF-E63F-4E83-ACA4-2D61DA2F3865} = {A4985077-C3F0-4843-9D97-06418BDFBEE7}
		{146B2D08-675F-48A1-822C-B784CB346309} = {A4985077-C3F0-4843-9D97-06418BDFBEE7}
		{E131BA7F-9C22-44B6-AD04-1810FAAC3B1D} = {52E403BC-F031-4C96-914D-DAA5D0662432}
		{9498615B-D812-4D36-A3AF-A3914B4EB8D7} = {833A4247-13F3-405B-AF99-0637C490939F}
	EndGlobalSection
	GlobalSection(ExtensibilityGlobals) = postSolution
		SolutionGuid = {637BBCC7-C4B0-4EA7-BDD6-53B5CA03313A}
	EndGlobalSection
EndGlobal
